
Microsoft Visual Studio Solution File, Format Version 12.00
# Visual Studio Version 17
VisualStudioVersion = 17.0.31903.59
MinimumVisualStudioVersion = 10.0.40219.1
Project("{FAE04EC0-301F-11D3-BF4B-00C04F79EFBC}") = "Librex.API", "Librex.API\Librex.API.csproj", "{15BDA616-8780-40D7-955B-4D01E227FEB4}"
EndProject
Project("{FAE04EC0-301F-11D3-BF4B-00C04F79EFBC}") = "Librex.Domain", "Librex.Domain\Librex.Domain.csproj", "{17B81B0D-03DB-4B35-A00F-03CF6C173C58}"
EndProject
Project("{FAE04EC0-301F-11D3-BF4B-00C04F79EFBC}") = "Librex.Application", "Librex.Application\Librex.Application.csproj", "{B1DA1C1D-E5C8-4833-AFC6-C70916A98927}"
EndProject
Project("{FAE04EC0-301F-11D3-BF4B-00C04F79EFBC}") = "Librex.Infrastructure", "Librex.Infrastructure\Librex.Infrastructure.csproj", "{DD05997C-B282-41DA-95EF-7497B5CE5C2B}"
EndProject
Project("{FAE04EC0-301F-11D3-BF4B-00C04F79EFBC}") = "Librex.Tests", "Librex.Tests\Librex.Tests.csproj", "{AF11BA92-3E3A-41FC-B175-AF39EFA2712C}"
EndProject
Global
	GlobalSection(SolutionConfigurationPlatforms) = preSolution
		Debug|Any CPU = Debug|Any CPU
		Debug|x64 = Debug|x64
		Debug|x86 = Debug|x86
		Release|Any CPU = Release|Any CPU
		Release|x64 = Release|x64
		Release|x86 = Release|x86
	EndGlobalSection
	GlobalSection(ProjectConfigurationPlatforms) = postSolution
		{15BDA616-8780-40D7-955B-4D01E227FEB4}.Debug|Any CPU.ActiveCfg = Debug|Any CPU
		{15BDA616-8780-40D7-955B-4D01E227FEB4}.Debug|Any CPU.Build.0 = Debug|Any CPU
		{15BDA616-8780-40D7-955B-4D01E227FEB4}.Debug|x64.ActiveCfg = Debug|Any CPU
		{15BDA616-8780-40D7-955B-4D01E227FEB4}.Debug|x64.Build.0 = Debug|Any CPU
		{15BDA616-8780-40D7-955B-4D01E227FEB4}.Debug|x86.ActiveCfg = Debug|Any CPU
		{15BDA616-8780-40D7-955B-4D01E227FEB4}.Debug|x86.Build.0 = Debug|Any CPU
		{15BDA616-8780-40D7-955B-4D01E227FEB4}.Release|Any CPU.ActiveCfg = Release|Any CPU
		{15BDA616-8780-40D7-955B-4D01E227FEB4}.Release|Any CPU.Build.0 = Release|Any CPU
		{15BDA616-8780-40D7-955B-4D01E227FEB4}.Release|x64.ActiveCfg = Release|Any CPU
		{15BDA616-8780-40D7-955B-4D01E227FEB4}.Release|x64.Build.0 = Release|Any CPU
		{15BDA616-8780-40D7-955B-4D01E227FEB4}.Release|x86.ActiveCfg = Release|Any CPU
		{15BDA616-8780-40D7-955B-4D01E227FEB4}.Release|x86.Build.0 = Release|Any CPU
		{17B81B0D-03DB-4B35-A00F-03CF6C173C58}.Debug|Any CPU.ActiveCfg = Debug|Any CPU
		{17B81B0D-03DB-4B35-A00F-03CF6C173C58}.Debug|Any CPU.Build.0 = Debug|Any CPU
		{17B81B0D-03DB-4B35-A00F-03CF6C173C58}.Debug|x64.ActiveCfg = Debug|Any CPU
		{17B81B0D-03DB-4B35-A00F-03CF6C173C58}.Debug|x64.Build.0 = Debug|Any CPU
		{17B81B0D-03DB-4B35-A00F-03CF6C173C58}.Debug|x86.ActiveCfg = Debug|Any CPU
		{17B81B0D-03DB-4B35-A00F-03CF6C173C58}.Debug|x86.Build.0 = Debug|Any CPU
		{17B81B0D-03DB-4B35-A00F-03CF6C173C58}.Release|Any CPU.ActiveCfg = Release|Any CPU
		{17B81B0D-03DB-4B35-A00F-03CF6C173C58}.Release|Any CPU.Build.0 = Release|Any CPU
		{17B81B0D-03DB-4B35-A00F-03CF6C173C58}.Release|x64.ActiveCfg = Release|Any CPU
		{17B81B0D-03DB-4B35-A00F-03CF6C173C58}.Release|x64.Build.0 = Release|Any CPU
		{17B81B0D-03DB-4B35-A00F-03CF6C173C58}.Release|x86.ActiveCfg = Release|Any CPU
		{17B81B0D-03DB-4B35-A00F-03CF6C173C58}.Release|x86.Build.0 = Release|Any CPU
		{B1DA1C1D-E5C8-4833-AFC6-C70916A98927}.Debug|Any CPU.ActiveCfg = Debug|Any CPU
		{B1DA1C1D-E5C8-4833-AFC6-C70916A98927}.Debug|Any CPU.Build.0 = Debug|Any CPU
		{B1DA1C1D-E5C8-4833-AFC6-C70916A98927}.Debug|x64.ActiveCfg = Debug|Any CPU
		{B1DA1C1D-E5C8-4833-AFC6-C70916A98927}.Debug|x64.Build.0 = Debug|Any CPU
		{B1DA1C1D-E5C8-4833-AFC6-C70916A98927}.Debug|x86.ActiveCfg = Debug|Any CPU
		{B1DA1C1D-E5C8-4833-AFC6-C70916A98927}.Debug|x86.Build.0 = Debug|Any CPU
		{B1DA1C1D-E5C8-4833-AFC6-C70916A98927}.Release|Any CPU.ActiveCfg = Release|Any CPU
		{B1DA1C1D-E5C8-4833-AFC6-C70916A98927}.Release|Any CPU.Build.0 = Release|Any CPU
		{B1DA1C1D-E5C8-4833-AFC6-C70916A98927}.Release|x64.ActiveCfg = Release|Any CPU
		{B1DA1C1D-E5C8-4833-AFC6-C70916A98927}.Release|x64.Build.0 = Release|Any CPU
		{B1DA1C1D-E5C8-4833-AFC6-C70916A98927}.Release|x86.ActiveCfg = Release|Any CPU
		{B1DA1C1D-E5C8-4833-AFC6-C70916A98927}.Release|x86.Build.0 = Release|Any CPU
		{DD05997C-B282-41DA-95EF-7497B5CE5C2B}.Debug|Any CPU.ActiveCfg = Debug|Any CPU
		{DD05997C-B282-41DA-95EF-7497B5CE5C2B}.Debug|Any CPU.Build.0 = Debug|Any CPU
		{DD05997C-B282-41DA-95EF-7497B5CE5C2B}.Debug|x64.ActiveCfg = Debug|Any CPU
		{DD05997C-B282-41DA-95EF-7497B5CE5C2B}.Debug|x64.Build.0 = Debug|Any CPU
		{DD05997C-B282-41DA-95EF-7497B5CE5C2B}.Debug|x86.ActiveCfg = Debug|Any CPU
		{DD05997C-B282-41DA-95EF-7497B5CE5C2B}.Debug|x86.Build.0 = Debug|Any CPU
		{DD05997C-B282-41DA-95EF-7497B5CE5C2B}.Release|Any CPU.ActiveCfg = Release|Any CPU
		{DD05997C-B282-41DA-95EF-7497B5CE5C2B}.Release|Any CPU.Build.0 = Release|Any CPU
		{DD05997C-B282-41DA-95EF-7497B5CE5C2B}.Release|x64.ActiveCfg = Release|Any CPU
		{DD05997C-B282-41DA-95EF-7497B5CE5C2B}.Release|x64.Build.0 = Release|Any CPU
		{DD05997C-B282-41DA-95EF-7497B5CE5C2B}.Release|x86.ActiveCfg = Release|Any CPU
		{DD05997C-B282-41DA-95EF-7497B5CE5C2B}.Release|x86.Build.0 = Release|Any CPU
		{AF11BA92-3E3A-41FC-B175-AF39EFA2712C}.Debug|Any CPU.ActiveCfg = Debug|Any CPU
		{AF11BA92-3E3A-41FC-B175-AF39EFA2712C}.Debug|Any CPU.Build.0 = Debug|Any CPU
		{AF11BA92-3E3A-41FC-B175-AF39EFA2712C}.Debug|x64.ActiveCfg = Debug|Any CPU
		{AF11BA92-3E3A-41FC-B175-AF39EFA2712C}.Debug|x64.Build.0 = Debug|Any CPU
		{AF11BA92-3E3A-41FC-B175-AF39EFA2712C}.Debug|x86.ActiveCfg = Debug|Any CPU
		{AF11BA92-3E3A-41FC-B175-AF39EFA2712C}.Debug|x86.Build.0 = Debug|Any CPU
		{AF11BA92-3E3A-41FC-B175-AF39EFA2712C}.Release|Any CPU.ActiveCfg = Release|Any CPU
		{AF11BA92-3E3A-41FC-B175-AF39EFA2712C}.Release|Any CPU.Build.0 = Release|Any CPU
		{AF11BA92-3E3A-41FC-B175-AF39EFA2712C}.Release|x64.ActiveCfg = Release|Any CPU
		{AF11BA92-3E3A-41FC-B175-AF39EFA2712C}.Release|x64.Build.0 = Release|Any CPU
		{AF11BA92-3E3A-41FC-B175-AF39EFA2712C}.Release|x86.ActiveCfg = Release|Any CPU
		{AF11BA92-3E3A-41FC-B175-AF39EFA2712C}.Release|x86.Build.0 = Release|Any CPU
	EndGlobalSection
	GlobalSection(SolutionProperties) = preSolution
		HideSolutionNode = FALSE
	EndGlobalSection
EndGlobal
